
Microsoft Visual Studio Solution File, Format Version 12.00
# Visual Studio Version 17
VisualStudioVersion = 17.2.32602.215
MinimumVisualStudioVersion = 10.0.40219.1
Project("{FAE04EC0-301F-11D3-BF4B-00C04F79EFBC}") = "CreditSuisse", "CreditSuisse\CreditSuisse.csproj", "{58B885D8-B2FC-4601-AFAF-B576232198F0}"
EndProject
Global
	GlobalSection(SolutionConfigurationPlatforms) = preSolution
		Debug|Any CPU = Debug|Any CPU
		Release|Any CPU = Release|Any CPU
	EndGlobalSection
	GlobalSection(ProjectConfigurationPlatforms) = postSolution
		{58B885D8-B2FC-4601-AFAF-B576232198F0}.Debug|Any CPU.ActiveCfg = Debug|Any CPU
		{58B885D8-B2FC-4601-AFAF-B576232198F0}.Debug|Any CPU.Build.0 = Debug|Any CPU
		{58B885D8-B2FC-4601-AFAF-B576232198F0}.Release|Any CPU.ActiveCfg = Release|Any CPU
		{58B885D8-B2FC-4601-AFAF-B576232198F0}.Release|Any CPU.Build.0 = Release|Any CPU
	EndGlobalSection
	GlobalSection(SolutionProperties) = preSolution
		HideSolutionNode = FALSE
	EndGlobalSection
	GlobalSection(ExtensibilityGlobals) = postSolution
		SolutionGuid = {32440BB0-3BBA-43FB-B218-03D9521C9DC2}
	EndGlobalSection
EndGlobal
